{
  "name": "pnck",
  "version": "1.0.1",
  "lockfileVersion": 1,
  "requires": true,
  "dependencies": {
    "optipng-js": {
      "version": "0.1.2",
      "resolved": "https://registry.npmjs.org/optipng-js/-/optipng-js-0.1.2.tgz",
      "integrity": "sha512-Tm1vrmJIpRkz6ZaX0Lp/wD3aCpWz29EQn6h3mF5t+YnTE6UCj2huwqwrFiYHmW2Hz3KarnreYsZYbBIVJ5F5lQ=="
    }
  }
}
